
Microsoft Visual Studio Solution File, Format Version 12.00
# Visual Studio Version 17
VisualStudioVersion = 17.0.31903.59
MinimumVisualStudioVersion = 10.0.40219.1
Project("{9A19103F-16F7-4668-BE54-9A1E7A4F7556}") = "hello-cognito", "hello-cognito.csproj", "{FE9AD0DA-B9AE-494E-A306-9277A4129017}"
EndProject
Global
	GlobalSection(SolutionConfigurationPlatforms) = preSolution
		Debug|Any CPU = Debug|Any CPU
		Release|Any CPU = Release|Any CPU
	EndGlobalSection
	GlobalSection(ProjectConfigurationPlatforms) = postSolution
		{FE9AD0DA-B9AE-494E-A306-9277A4129017}.Debug|Any CPU.ActiveCfg = Debug|Any CPU
		{FE9AD0DA-B9AE-494E-A306-9277A4129017}.Debug|Any CPU.Build.0 = Debug|Any CPU
		{FE9AD0DA-B9AE-494E-A306-9277A4129017}.Release|Any CPU.ActiveCfg = Release|Any CPU
		{FE9AD0DA-B9AE-494E-A306-9277A4129017}.Release|Any CPU.Build.0 = Release|Any CPU
	EndGlobalSection
	GlobalSection(SolutionProperties) = preSolution
		HideSolutionNode = FALSE
	EndGlobalSection
	GlobalSection(ExtensibilityGlobals) = postSolution
		SolutionGuid = {2A0BC3E2-4DD8-4650-A12F-2052F2BB98A6}
	EndGlobalSection
EndGlobal
